
Microsoft Visual Studio Solution File, Format Version 12.00
# Visual Studio Version 16
VisualStudioVersion = 16.0.31702.278
MinimumVisualStudioVersion = 10.0.40219.1
Project("{2150E333-8FDC-42A3-9474-1A3956D46DE8}") = "Services", "Services", "{4015D387-C7B1-4D20-A8C3-8514D125B526}"
EndProject
Project("{2150E333-8FDC-42A3-9474-1A3956D46DE8}") = "Catalog", "Catalog", "{3BE15CF7-6253-4913-B031-124BF6BD1414}"
EndProject
Project("{9A19103F-16F7-4668-BE54-9A1E7A4F7556}") = "Catalog.API", "Services\Catalog\Catalog.API\Catalog.API.csproj", "{CDF8E9F0-8CB2-4493-8B7B-5D27BE24CD72}"
EndProject
Project("{E53339B2-1760-4266-BCC7-CA923CBCF16C}") = "docker-compose", "docker-compose.dcproj", "{CC62185C-D833-4AAF-A953-4D284BCF1C2E}"
EndProject
Project("{2150E333-8FDC-42A3-9474-1A3956D46DE8}") = "Basket", "Basket", "{C6192A42-5E9C-4FC9-85E6-93DCC62D92B8}"
EndProject
Project("{9A19103F-16F7-4668-BE54-9A1E7A4F7556}") = "Basket.API", "Services\Basket\Basket.API\Basket.API.csproj", "{EFCCBFD3-78BA-4758-BC9F-1D21CD103A51}"
EndProject
Project("{2150E333-8FDC-42A3-9474-1A3956D46DE8}") = "Discount", "Discount", "{686BB28D-4DE8-483F-B815-E3806A7128F1}"
EndProject
Project("{FAE04EC0-301F-11D3-BF4B-00C04F79EFBC}") = "Discount.API", "..\Discount\Discount.API\Discount.API.csproj", "{4C304AFF-9567-4436-A1D7-474C260D4540}"
EndProject
Global
	GlobalSection(SolutionConfigurationPlatforms) = preSolution
		Debug|Any CPU = Debug|Any CPU
		Release|Any CPU = Release|Any CPU
	EndGlobalSection
	GlobalSection(ProjectConfigurationPlatforms) = postSolution
		{CDF8E9F0-8CB2-4493-8B7B-5D27BE24CD72}.Debug|Any CPU.ActiveCfg = Debug|Any CPU
		{CDF8E9F0-8CB2-4493-8B7B-5D27BE24CD72}.Debug|Any CPU.Build.0 = Debug|Any CPU
		{CDF8E9F0-8CB2-4493-8B7B-5D27BE24CD72}.Release|Any CPU.ActiveCfg = Release|Any CPU
		{CDF8E9F0-8CB2-4493-8B7B-5D27BE24CD72}.Release|Any CPU.Build.0 = Release|Any CPU
		{CC62185C-D833-4AAF-A953-4D284BCF1C2E}.Debug|Any CPU.ActiveCfg = Debug|Any CPU
		{CC62185C-D833-4AAF-A953-4D284BCF1C2E}.Debug|Any CPU.Build.0 = Debug|Any CPU
		{CC62185C-D833-4AAF-A953-4D284BCF1C2E}.Release|Any CPU.ActiveCfg = Release|Any CPU
		{CC62185C-D833-4AAF-A953-4D284BCF1C2E}.Release|Any CPU.Build.0 = Release|Any CPU
		{EFCCBFD3-78BA-4758-BC9F-1D21CD103A51}.Debug|Any CPU.ActiveCfg = Debug|Any CPU
		{EFCCBFD3-78BA-4758-BC9F-1D21CD103A51}.Debug|Any CPU.Build.0 = Debug|Any CPU
		{EFCCBFD3-78BA-4758-BC9F-1D21CD103A51}.Release|Any CPU.ActiveCfg = Release|Any CPU
		{EFCCBFD3-78BA-4758-BC9F-1D21CD103A51}.Release|Any CPU.Build.0 = Release|Any CPU
		{4C304AFF-9567-4436-A1D7-474C260D4540}.Debug|Any CPU.ActiveCfg = Debug|Any CPU
		{4C304AFF-9567-4436-A1D7-474C260D4540}.Debug|Any CPU.Build.0 = Debug|Any CPU
		{4C304AFF-9567-4436-A1D7-474C260D4540}.Release|Any CPU.ActiveCfg = Release|Any CPU
		{4C304AFF-9567-4436-A1D7-474C260D4540}.Release|Any CPU.Build.0 = Release|Any CPU
	EndGlobalSection
	GlobalSection(SolutionProperties) = preSolution
		HideSolutionNode = FALSE
	EndGlobalSection
	GlobalSection(NestedProjects) = preSolution
		{3BE15CF7-6253-4913-B031-124BF6BD1414} = {4015D387-C7B1-4D20-A8C3-8514D125B526}
		{CDF8E9F0-8CB2-4493-8B7B-5D27BE24CD72} = {3BE15CF7-6253-4913-B031-124BF6BD1414}
		{C6192A42-5E9C-4FC9-85E6-93DCC62D92B8} = {4015D387-C7B1-4D20-A8C3-8514D125B526}
		{EFCCBFD3-78BA-4758-BC9F-1D21CD103A51} = {C6192A42-5E9C-4FC9-85E6-93DCC62D92B8}
		{686BB28D-4DE8-483F-B815-E3806A7128F1} = {4015D387-C7B1-4D20-A8C3-8514D125B526}
		{4C304AFF-9567-4436-A1D7-474C260D4540} = {686BB28D-4DE8-483F-B815-E3806A7128F1}
	EndGlobalSection
	GlobalSection(ExtensibilityGlobals) = postSolution
		SolutionGuid = {93B83627-676A-4CC0-95A7-7B87D5FA7C96}
	EndGlobalSection
EndGlobal
